
Microsoft Visual Studio Solution File, Format Version 12.00
# Visual Studio Version 16
VisualStudioVersion = 16.0.31112.23
MinimumVisualStudioVersion = 10.0.40219.1
Project("{9A19103F-16F7-4668-BE54-9A1E7A4F7556}") = "VectorITC", "VectorITC.csproj", "{46A04AAD-F8E8-4D5A-B893-6275DAE5E75A}"
EndProject
Project("{9A19103F-16F7-4668-BE54-9A1E7A4F7556}") = "VectorITCTest", "..\VectorICTTest\VectorITCTest.csproj", "{3C8632C7-2D9F-4590-949D-8557B19B2771}"
EndProject
Global
	GlobalSection(SolutionConfigurationPlatforms) = preSolution
		Debug|Any CPU = Debug|Any CPU
		Release|Any CPU = Release|Any CPU
	EndGlobalSection
	GlobalSection(ProjectConfigurationPlatforms) = postSolution
		{46A04AAD-F8E8-4D5A-B893-6275DAE5E75A}.Debug|Any CPU.ActiveCfg = Debug|Any CPU
		{46A04AAD-F8E8-4D5A-B893-6275DAE5E75A}.Debug|Any CPU.Build.0 = Debug|Any CPU
		{46A04AAD-F8E8-4D5A-B893-6275DAE5E75A}.Release|Any CPU.ActiveCfg = Release|Any CPU
		{46A04AAD-F8E8-4D5A-B893-6275DAE5E75A}.Release|Any CPU.Build.0 = Release|Any CPU
		{3C8632C7-2D9F-4590-949D-8557B19B2771}.Debug|Any CPU.ActiveCfg = Debug|Any CPU
		{3C8632C7-2D9F-4590-949D-8557B19B2771}.Debug|Any CPU.Build.0 = Debug|Any CPU
		{3C8632C7-2D9F-4590-949D-8557B19B2771}.Release|Any CPU.ActiveCfg = Release|Any CPU
		{3C8632C7-2D9F-4590-949D-8557B19B2771}.Release|Any CPU.Build.0 = Release|Any CPU
	EndGlobalSection
	GlobalSection(SolutionProperties) = preSolution
		HideSolutionNode = FALSE
	EndGlobalSection
	GlobalSection(ExtensibilityGlobals) = postSolution
		SolutionGuid = {3A16B3BD-661B-4A37-A451-8726D1D9B86F}
	EndGlobalSection
EndGlobal
